
Microsoft Visual Studio Solution File, Format Version 12.00
# Visual Studio 2017
Project("{FAE04EC0-301F-11D3-BF4B-00C04F79EFBC}") = "GP1_Leveling", "GP1_Leveling.csproj", "{576168EC-F43A-34DB-1949-81E5D27F84B3}"
EndProject
Project("{FAE04EC0-301F-11D3-BF4B-00C04F79EFBC}") = "GP1_Leveling.Editor", "GP1_Leveling.Editor.csproj", "{3EBFB621-8441-5435-38F4-E28431036AFF}"
EndProject
Global
	GlobalSection(SolutionConfigurationPlatforms) = preSolution
		Debug|Any CPU = Debug|Any CPU
		Release|Any CPU = Release|Any CPU
	EndGlobalSection
	GlobalSection(ProjectConfigurationPlatforms) = postSolution
		{576168EC-F43A-34DB-1949-81E5D27F84B3}.Debug|Any CPU.ActiveCfg = Debug|Any CPU
		{576168EC-F43A-34DB-1949-81E5D27F84B3}.Debug|Any CPU.Build.0 = Debug|Any CPU
		{576168EC-F43A-34DB-1949-81E5D27F84B3}.Release|Any CPU.ActiveCfg = Release|Any CPU
		{576168EC-F43A-34DB-1949-81E5D27F84B3}.Release|Any CPU.Build.0 = Release|Any CPU
		{3EBFB621-8441-5435-38F4-E28431036AFF}.Debug|Any CPU.ActiveCfg = Debug|Any CPU
		{3EBFB621-8441-5435-38F4-E28431036AFF}.Debug|Any CPU.Build.0 = Debug|Any CPU
		{3EBFB621-8441-5435-38F4-E28431036AFF}.Release|Any CPU.ActiveCfg = Release|Any CPU
		{3EBFB621-8441-5435-38F4-E28431036AFF}.Release|Any CPU.Build.0 = Release|Any CPU
	EndGlobalSection
	GlobalSection(SolutionProperties) = preSolution
		HideSolutionNode = FALSE
	EndGlobalSection
EndGlobal
