
Microsoft Visual Studio Solution File, Format Version 12.00
# Visual Studio 2017
Project("{FAE04EC0-301F-11D3-BF4B-00C04F79EFBC}") = "GP7_Vocales", "GP7_Vocales.csproj", "{73659AA2-A29D-F6BD-98F7-FD9314D1B3CD}"
EndProject
Global
	GlobalSection(SolutionConfigurationPlatforms) = preSolution
		Debug|Any CPU = Debug|Any CPU
		Release|Any CPU = Release|Any CPU
	EndGlobalSection
	GlobalSection(ProjectConfigurationPlatforms) = postSolution
		{73659AA2-A29D-F6BD-98F7-FD9314D1B3CD}.Debug|Any CPU.ActiveCfg = Debug|Any CPU
		{73659AA2-A29D-F6BD-98F7-FD9314D1B3CD}.Debug|Any CPU.Build.0 = Debug|Any CPU
		{73659AA2-A29D-F6BD-98F7-FD9314D1B3CD}.Release|Any CPU.ActiveCfg = Release|Any CPU
		{73659AA2-A29D-F6BD-98F7-FD9314D1B3CD}.Release|Any CPU.Build.0 = Release|Any CPU
	EndGlobalSection
	GlobalSection(SolutionProperties) = preSolution
		HideSolutionNode = FALSE
	EndGlobalSection
EndGlobal
