
Microsoft Visual Studio Solution File, Format Version 12.00
# Visual Studio 2017
Project("{FAE04EC0-301F-11D3-BF4B-00C04F79EFBC}") = "Test_Cettic", "Test_Cettic.csproj", "{493026D3-05BA-E08D-E738-31C82548316B}"
EndProject
Project("{FAE04EC0-301F-11D3-BF4B-00C04F79EFBC}") = "Test_Cettic.Editor", "Test_Cettic.Editor.csproj", "{8CFC74FD-258E-CABA-4EC2-6A0AC76CEDD3}"
EndProject
Global
	GlobalSection(SolutionConfigurationPlatforms) = preSolution
		Debug|Any CPU = Debug|Any CPU
		Release|Any CPU = Release|Any CPU
	EndGlobalSection
	GlobalSection(ProjectConfigurationPlatforms) = postSolution
		{493026D3-05BA-E08D-E738-31C82548316B}.Debug|Any CPU.ActiveCfg = Debug|Any CPU
		{493026D3-05BA-E08D-E738-31C82548316B}.Debug|Any CPU.Build.0 = Debug|Any CPU
		{493026D3-05BA-E08D-E738-31C82548316B}.Release|Any CPU.ActiveCfg = Release|Any CPU
		{493026D3-05BA-E08D-E738-31C82548316B}.Release|Any CPU.Build.0 = Release|Any CPU
		{8CFC74FD-258E-CABA-4EC2-6A0AC76CEDD3}.Debug|Any CPU.ActiveCfg = Debug|Any CPU
		{8CFC74FD-258E-CABA-4EC2-6A0AC76CEDD3}.Debug|Any CPU.Build.0 = Debug|Any CPU
		{8CFC74FD-258E-CABA-4EC2-6A0AC76CEDD3}.Release|Any CPU.ActiveCfg = Release|Any CPU
		{8CFC74FD-258E-CABA-4EC2-6A0AC76CEDD3}.Release|Any CPU.Build.0 = Release|Any CPU
	EndGlobalSection
	GlobalSection(SolutionProperties) = preSolution
		HideSolutionNode = FALSE
	EndGlobalSection
EndGlobal
